{
    "name": "cliface-etd",
    "version": "1.3.0",
    "lockfileVersion": 1,
    "requires": true,
    "dependencies": {
        "getopt": {
            "version": "0.1.0",
            "resolved": "https://registry.npmjs.org/getopt/-/getopt-0.1.0.tgz",
            "integrity": "sha1-FK+CqHoBXmOHeisOoUfiarU/gGw="
        }
    }
}
