{
    "name": "ifopt",
    "version": "1.5.0",
    "lockfileVersion": 1,
    "requires": true,
    "dependencies": {
        "nativejs-proto-extensions": {
            "version": "0.1.0",
            "resolved": "https://registry.npmjs.org/nativejs-proto-extensions/-/nativejs-proto-extensions-0.1.0.tgz",
            "integrity": "sha512-KprR3pFDU5FdQf1TM1d7CHo2Yq9IZtpWDNBW2j62oW9MWw7h4ECbzogip8/dqsgoEZaLLw0LfOdpvvNw8xHBVg=="
        }
    }
}
